
Microsoft Visual Studio Solution File, Format Version 12.00
# Visual Studio Version 17
VisualStudioVersion = 17.6.33617.297
MinimumVisualStudioVersion = 10.0.40219.1
Project("{FAE04EC0-301F-11D3-BF4B-00C04F79EFBC}") = "HalloDecorator", "HalloDecorator\HalloDecorator.csproj", "{D455A4A3-4338-457D-BC4F-B899B1D13471}"
EndProject
Global
	GlobalSection(SolutionConfigurationPlatforms) = preSolution
		Debug|Any CPU = Debug|Any CPU
		Release|Any CPU = Release|Any CPU
	EndGlobalSection
	GlobalSection(ProjectConfigurationPlatforms) = postSolution
		{D455A4A3-4338-457D-BC4F-B899B1D13471}.Debug|Any CPU.ActiveCfg = Debug|Any CPU
		{D455A4A3-4338-457D-BC4F-B899B1D13471}.Debug|Any CPU.Build.0 = Debug|Any CPU
		{D455A4A3-4338-457D-BC4F-B899B1D13471}.Release|Any CPU.ActiveCfg = Release|Any CPU
		{D455A4A3-4338-457D-BC4F-B899B1D13471}.Release|Any CPU.Build.0 = Release|Any CPU
	EndGlobalSection
	GlobalSection(SolutionProperties) = preSolution
		HideSolutionNode = FALSE
	EndGlobalSection
	GlobalSection(ExtensibilityGlobals) = postSolution
		SolutionGuid = {E5AD184A-D6CA-433D-AEA7-883F2C91499D}
	EndGlobalSection
EndGlobal
