
Microsoft Visual Studio Solution File, Format Version 12.00
# Visual Studio Version 17
VisualStudioVersion = 17.6.33617.297
MinimumVisualStudioVersion = 10.0.40219.1
Project("{FAE04EC0-301F-11D3-BF4B-00C04F79EFBC}") = "HalloBuilder", "HalloBuilder\HalloBuilder.csproj", "{AFA3E308-A848-4E32-942F-2BA30FB61AD1}"
EndProject
Global
	GlobalSection(SolutionConfigurationPlatforms) = preSolution
		Debug|Any CPU = Debug|Any CPU
		Release|Any CPU = Release|Any CPU
	EndGlobalSection
	GlobalSection(ProjectConfigurationPlatforms) = postSolution
		{AFA3E308-A848-4E32-942F-2BA30FB61AD1}.Debug|Any CPU.ActiveCfg = Debug|Any CPU
		{AFA3E308-A848-4E32-942F-2BA30FB61AD1}.Debug|Any CPU.Build.0 = Debug|Any CPU
		{AFA3E308-A848-4E32-942F-2BA30FB61AD1}.Release|Any CPU.ActiveCfg = Release|Any CPU
		{AFA3E308-A848-4E32-942F-2BA30FB61AD1}.Release|Any CPU.Build.0 = Release|Any CPU
	EndGlobalSection
	GlobalSection(SolutionProperties) = preSolution
		HideSolutionNode = FALSE
	EndGlobalSection
	GlobalSection(ExtensibilityGlobals) = postSolution
		SolutionGuid = {446E9857-183D-4EA0-93A0-0FA673FD59FE}
	EndGlobalSection
EndGlobal
